// !$*UTF8*$!
{
	archiveVersion = 1;
	classes = {
	};
	objectVersion = 46;
	objects = {

/* Begin PBXAggregateTarget section */
		49C13F4C1BDA1514002DF165 /* libDemoLibrary */ = {
			isa = PBXAggregateTarget;
			buildConfigurationList = 49C13F4D1BDA1514002DF165 /* Build configuration list for PBXAggregateTarget "libDemoLibrary" */;
			buildPhases = (
				49C13F501BDA1519002DF165 /* Build Static Library */,
				49C13F511BDA1544002DF165 /* Build Universal Library */,
				49C13F531BDA158D002DF165 /* Headers */,
				49C13F561BDA15B2002DF165 /* Resources */,
			);
			dependencies = (
			);
			name = libDemoLibrary;
			productName = libDemoLibrary;
		};
/* End PBXAggregateTarget section */

/* Begin PBXBuildFile section */
		49C13F341BDA1485002DF165 /* DemoLibrary.h in CopyFiles */ = {isa = PBXBuildFile; fileRef = 49C13F331BDA1485002DF165 /* DemoLibrary.h */; };
		49C13F361BDA1485002DF165 /* DemoLibrary.m in Sources */ = {isa = PBXBuildFile; fileRef = 49C13F351BDA1485002DF165 /* DemoLibrary.m */; };
		49C13F3C1BDA1485002DF165 /* libDemoLibrary.a in Frameworks */ = {isa = PBXBuildFile; fileRef = 49C13F301BDA1485002DF165 /* libDemoLibrary.a */; };
		49C13F4B1BDA14E9002DF165 /* Foundation.framework in Frameworks */ = {isa = PBXBuildFile; fileRef = 49C13F4A1BDA14E9002DF165 /* Foundation.framework */; };
		49C13F541BDA15A6002DF165 /* DemoLibrary.h in Headers */ = {isa = PBXBuildFile; fileRef = 49C13F331BDA1485002DF165 /* DemoLibrary.h */; };
/* End PBXBuildFile section */

/* Begin PBXContainerItemProxy section */
		49C13F3D1BDA1485002DF165 /* PBXContainerItemProxy */ = {
			isa = PBXContainerItemProxy;
			containerPortal = 49C13F281BDA1485002DF165 /* Project object */;
			proxyType = 1;
			remoteGlobalIDString = 49C13F2F1BDA1485002DF165;
			remoteInfo = DemoLibrary;
		};
/* End PBXContainerItemProxy section */

/* Begin PBXCopyFilesBuildPhase section */
		49C13F2E1BDA1485002DF165 /* CopyFiles */ = {
			isa = PBXCopyFilesBuildPhase;
			buildActionMask = 2147483647;
			dstPath = "include/$(PRODUCT_NAME)";
			dstSubfolderSpec = 16;
			files = (
				49C13F341BDA1485002DF165 /* DemoLibrary.h in CopyFiles */,
			);
			runOnlyForDeploymentPostprocessing = 0;
		};
		49C13F531BDA158D002DF165 /* Headers */ = {
			isa = PBXCopyFilesBuildPhase;
			buildActionMask = 2147483647;
			dstPath = "${BUILD_DIR}/${CONFIGURATION}-iphoneuniversal/${PRODUCT_NAME}.framework/Versions/A/Headers";
			dstSubfolderSpec = 0;
			files = (
				49C13F541BDA15A6002DF165 /* DemoLibrary.h in Headers */,
			);
			name = Headers;
			runOnlyForDeploymentPostprocessing = 0;
		};
		49C13F561BDA15B2002DF165 /* Resources */ = {
			isa = PBXCopyFilesBuildPhase;
			buildActionMask = 2147483647;
			dstPath = "${BUILD_DIR}/${CONFIGURATION}-iphoneuniversal/${PRODUCT_NAME}.framework/Versions/A/Resources";
			dstSubfolderSpec = 0;
			files = (
			);
			name = Resources;
			runOnlyForDeploymentPostprocessing = 0;
		};
/* End PBXCopyFilesBuildPhase section */

/* Begin PBXFileReference section */
		49C13F301BDA1485002DF165 /* libDemoLibrary.a */ = {isa = PBXFileReference; explicitFileType = archive.ar; includeInIndex = 0; path = libDemoLibrary.a; sourceTree = BUILT_PRODUCTS_DIR; };
		49C13F331BDA1485002DF165 /* DemoLibrary.h */ = {isa = PBXFileReference; lastKnownFileType = sourcecode.c.h; path = DemoLibrary.h; sourceTree = "<group>"; };
		49C13F351BDA1485002DF165 /* DemoLibrary.m */ = {isa = PBXFileReference; lastKnownFileType = sourcecode.c.objc; path = DemoLibrary.m; sourceTree = "<group>"; };
		49C13F3B1BDA1485002DF165 /* DemoLibraryTests.xctest */ = {isa = PBXFileReference; explicitFileType = wrapper.cfbundle; includeInIndex = 0; path = DemoLibraryTests.xctest; sourceTree = BUILT_PRODUCTS_DIR; };
		49C13F411BDA1485002DF165 /* Info.plist */ = {isa = PBXFileReference; lastKnownFileType = text.plist.xml; path = Info.plist; sourceTree = "<group>"; };
		49C13F4A1BDA14E9002DF165 /* Foundation.framework */ = {isa = PBXFileReference; lastKnownFileType = wrapper.framework; name = Foundation.framework; path = System/Library/Frameworks/Foundation.framework; sourceTree = SDKROOT; };
/* End PBXFileReference section */

/* Begin PBXFrameworksBuildPhase section */
		49C13F2D1BDA1485002DF165 /* Frameworks */ = {
			isa = PBXFrameworksBuildPhase;
			buildActionMask = 2147483647;
			files = (
				49C13F4B1BDA14E9002DF165 /* Foundation.framework in Frameworks */,
			);
			runOnlyForDeploymentPostprocessing = 0;
		};
		49C13F381BDA1485002DF165 /* Frameworks */ = {
			isa = PBXFrameworksBuildPhase;
			buildActionMask = 2147483647;
			files = (
				49C13F3C1BDA1485002DF165 /* libDemoLibrary.a in Frameworks */,
			);
			runOnlyForDeploymentPostprocessing = 0;
		};
/* End PBXFrameworksBuildPhase section */

/* Begin PBXGroup section */
		49C13F271BDA1485002DF165 = {
			isa = PBXGroup;
			children = (
				49C13F4A1BDA14E9002DF165 /* Foundation.framework */,
				49C13F321BDA1485002DF165 /* DemoLibrary */,
				49C13F3F1BDA1485002DF165 /* DemoLibraryTests */,
				49C13F311BDA1485002DF165 /* Products */,
			);
			sourceTree = "<group>";
		};
		49C13F311BDA1485002DF165 /* Products */ = {
			isa = PBXGroup;
			children = (
				49C13F301BDA1485002DF165 /* libDemoLibrary.a */,
				49C13F3B1BDA1485002DF165 /* DemoLibraryTests.xctest */,
			);
			name = Products;
			sourceTree = "<group>";
		};
		49C13F321BDA1485002DF165 /* DemoLibrary */ = {
			isa = PBXGroup;
			children = (
				49C13F331BDA1485002DF165 /* DemoLibrary.h */,
				49C13F351BDA1485002DF165 /* DemoLibrary.m */,
			);
			path = DemoLibrary;
			sourceTree = "<group>";
		};
		49C13F3F1BDA1485002DF165 /* DemoLibraryTests */ = {
			isa = PBXGroup;
			children = (
				49C13F401BDA1485002DF165 /* Supporting Files */,
			);
			path = DemoLibraryTests;
			sourceTree = "<group>";
		};
		49C13F401BDA1485002DF165 /* Supporting Files */ = {
			isa = PBXGroup;
			children = (
				49C13F411BDA1485002DF165 /* Info.plist */,
			);
			name = "Supporting Files";
			sourceTree = "<group>";
		};
/* End PBXGroup section */

/* Begin PBXNativeTarget section */
		49C13F2F1BDA1485002DF165 /* DemoLibrary */ = {
			isa = PBXNativeTarget;
			buildConfigurationList = 49C13F441BDA1485002DF165 /* Build configuration list for PBXNativeTarget "DemoLibrary" */;
			buildPhases = (
				49C13F2C1BDA1485002DF165 /* Sources */,
				49C13F2D1BDA1485002DF165 /* Frameworks */,
				49C13F2E1BDA1485002DF165 /* CopyFiles */,
			);
			buildRules = (
			);
			dependencies = (
			);
			name = DemoLibrary;
			productName = DemoLibrary;
			productReference = 49C13F301BDA1485002DF165 /* libDemoLibrary.a */;
			productType = "com.apple.product-type.library.static";
		};
		49C13F3A1BDA1485002DF165 /* DemoLibraryTests */ = {
			isa = PBXNativeTarget;
			buildConfigurationList = 49C13F471BDA1485002DF165 /* Build configuration list for PBXNativeTarget "DemoLibraryTests" */;
			buildPhases = (
				49C13F371BDA1485002DF165 /* Sources */,
				49C13F381BDA1485002DF165 /* Frameworks */,
				49C13F391BDA1485002DF165 /* Resources */,
			);
			buildRules = (
			);
			dependencies = (
				49C13F3E1BDA1485002DF165 /* PBXTargetDependency */,
			);
			name = DemoLibraryTests;
			productName = DemoLibraryTests;
			productReference = 49C13F3B1BDA1485002DF165 /* DemoLibraryTests.xctest */;
			productType = "com.apple.product-type.bundle.unit-test";
		};
/* End PBXNativeTarget section */

/* Begin PBXProject section */
		49C13F281BDA1485002DF165 /* Project object */ = {
			isa = PBXProject;
			attributes = {
				LastUpgradeCheck = 0640;
				ORGANIZATIONNAME = "Sweta Dipti";
				TargetAttributes = {
					49C13F2F1BDA1485002DF165 = {
						CreatedOnToolsVersion = 6.4;
					};
					49C13F3A1BDA1485002DF165 = {
						CreatedOnToolsVersion = 6.4;
					};
					49C13F4C1BDA1514002DF165 = {
						CreatedOnToolsVersion = 6.4;
					};
				};
			};
			buildConfigurationList = 49C13F2B1BDA1485002DF165 /* Build configuration list for PBXProject "DemoLibrary" */;
			compatibilityVersion = "Xcode 3.2";
			developmentRegion = English;
			hasScannedForEncodings = 0;
			knownRegions = (
				en,
			);
			mainGroup = 49C13F271BDA1485002DF165;
			productRefGroup = 49C13F311BDA1485002DF165 /* Products */;
			projectDirPath = "";
			projectRoot = "";
			targets = (
				49C13F2F1BDA1485002DF165 /* DemoLibrary */,
				49C13F3A1BDA1485002DF165 /* DemoLibraryTests */,
				49C13F4C1BDA1514002DF165 /* libDemoLibrary */,
			);
		};
/* End PBXProject section */

/* Begin PBXResourcesBuildPhase section */
		49C13F391BDA1485002DF165 /* Resources */ = {
			isa = PBXResourcesBuildPhase;
			buildActionMask = 2147483647;
			files = (
			);
			runOnlyForDeploymentPostprocessing = 0;
		};
/* End PBXResourcesBuildPhase section */

/* Begin PBXShellScriptBuildPhase section */
		49C13F501BDA1519002DF165 /* Build Static Library */ = {
			isa = PBXShellScriptBuildPhase;
			buildActionMask = 2147483647;
			files = (
			);
			inputPaths = (
			);
			name = "Build Static Library";
			outputPaths = (
			);
			runOnlyForDeploymentPostprocessing = 0;
			shellPath = /bin/sh;
			shellScript = "xcodebuild -project ${PROJECT_NAME}.xcodeproj -sdk iphoneos -target ${PROJECT_NAME} -configuration ${CONFIGURATION} clean build CONFIGURATION_BUILD_DIR=${BUILD_DIR}/${CONFIGURATION}-iphoneos\nxcodebuild -project ${PROJECT_NAME}.xcodeproj -sdk iphonesimulator -target ${PROJECT_NAME} -configuration ${CONFIGURATION} clean build CONFIGURATION_BUILD_DIR=${BUILD_DIR}/${CONFIGURATION}-iphonesimulator\n\n";
		};
		49C13F511BDA1544002DF165 /* Build Universal Library */ = {
			isa = PBXShellScriptBuildPhase;
			buildActionMask = 2147483647;
			files = (
			);
			inputPaths = (
			);
			name = "Build Universal Library";
			outputPaths = (
			);
			runOnlyForDeploymentPostprocessing = 0;
			shellPath = /bin/sh;
			shellScript = "SIMULATOR_LIBRARY_PATH=\"${BUILD_DIR}/${CONFIGURATION}-iphonesimulator/lib${PROJECT_NAME}.a\" &&\nDEVICE_LIBRARY_PATH=\"${BUILD_DIR}/${CONFIGURATION}-iphoneos/lib${PROJECT_NAME}.a\" &&\nUNIVERSAL_LIBRARY_DIR=\"${BUILD_DIR}/${CONFIGURATION}-iphoneuniversal\" &&\nUNIVERSAL_LIBRARY_PATH=\"${UNIVERSAL_LIBRARY_DIR}/${PRODUCT_NAME}\" &&\nFRAMEWORK=\"${UNIVERSAL_LIBRARY_DIR}/${PRODUCT_NAME}.framework\" &&\n\n# Create framework directory structure.\nrm -rf \"${FRAMEWORK}\" &&\nmkdir -p \"${UNIVERSAL_LIBRARY_DIR}\" &&\nmkdir -p \"${FRAMEWORK}/Versions/A/Headers\" &&\nmkdir -p \"${FRAMEWORK}/Versions/A/Resources\" &&\n\n# Generate universal binary for the device and simulator.\nlipo \"${SIMULATOR_LIBRARY_PATH}\" \"${DEVICE_LIBRARY_PATH}\" -create -output \"${UNIVERSAL_LIBRARY_PATH}\" &&\n\n# Move files to appropriate locations in framework paths.\ncp \"${UNIVERSAL_LIBRARY_PATH}\" \"${FRAMEWORK}/Versions/A\" &&\nln -s \"A\" \"${FRAMEWORK}/Versions/Current\" &&\nln -s \"Versions/Current/Headers\" \"${FRAMEWORK}/Headers\" &&\nln -s \"Versions/Current/Resources\" \"${FRAMEWORK}/Resources\" &&\nln -s \"Versions/Current/${PRODUCT_NAME}\" \"${FRAMEWORK}/${PRODUCT_NAME}\"";
		};
/* End PBXShellScriptBuildPhase section */

/* Begin PBXSourcesBuildPhase section */
		49C13F2C1BDA1485002DF165 /* Sources */ = {
			isa = PBXSourcesBuildPhase;
			buildActionMask = 2147483647;
			files = (
				49C13F361BDA1485002DF165 /* DemoLibrary.m in Sources */,
			);
			runOnlyForDeploymentPostprocessing = 0;
		};
		49C13F371BDA1485002DF165 /* Sources */ = {
			isa = PBXSourcesBuildPhase;
			buildActionMask = 2147483647;
			files = (
			);
			runOnlyForDeploymentPostprocessing = 0;
		};
/* End PBXSourcesBuildPhase section */

/* Begin PBXTargetDependency section */
		49C13F3E1BDA1485002DF165 /* PBXTargetDependency */ = {
			isa = PBXTargetDependency;
			target = 49C13F2F1BDA1485002DF165 /* DemoLibrary */;
			targetProxy = 49C13F3D1BDA1485002DF165 /* PBXContainerItemProxy */;
		};
/* End PBXTargetDependency section */

/* Begin XCBuildConfiguration section */
		49C13F421BDA1485002DF165 /* Debug */ = {
			isa = XCBuildConfiguration;
			buildSettings = {
				ALWAYS_SEARCH_USER_PATHS = NO;
				CLANG_CXX_LANGUAGE_STANDARD = "gnu++0x";
				CLANG_CXX_LIBRARY = "libc++";
				CLANG_ENABLE_MODULES = YES;
				CLANG_ENABLE_OBJC_ARC = YES;
				CLANG_WARN_BOOL_CONVERSION = YES;
				CLANG_WARN_CONSTANT_CONVERSION = YES;
				CLANG_WARN_DIRECT_OBJC_ISA_USAGE = YES_ERROR;
				CLANG_WARN_EMPTY_BODY = YES;
				CLANG_WARN_ENUM_CONVERSION = YES;
				CLANG_WARN_INT_CONVERSION = YES;
				CLANG_WARN_OBJC_ROOT_CLASS = YES_ERROR;
				CLANG_WARN_UNREACHABLE_CODE = YES;
				CLANG_WARN__DUPLICATE_METHOD_MATCH = YES;
				COPY_PHASE_STRIP = NO;
				DEBUG_INFORMATION_FORMAT = "dwarf-with-dsym";
				ENABLE_STRICT_OBJC_MSGSEND = YES;
				GCC_C_LANGUAGE_STANDARD = gnu99;
				GCC_DYNAMIC_NO_PIC = NO;
				GCC_NO_COMMON_BLOCKS = YES;
				GCC_OPTIMIZATION_LEVEL = 0;
				GCC_PREPROCESSOR_DEFINITIONS = (
					"DEBUG=1",
					"$(inherited)",
				);
				GCC_SYMBOLS_PRIVATE_EXTERN = NO;
				GCC_WARN_64_TO_32_BIT_CONVERSION = YES;
				GCC_WARN_ABOUT_RETURN_TYPE = YES_ERROR;
				GCC_WARN_UNDECLARED_SELECTOR = YES;
				GCC_WARN_UNINITIALIZED_AUTOS = YES_AGGRESSIVE;
				GCC_WARN_UNUSED_FUNCTION = YES;
				GCC_WARN_UNUSED_VARIABLE = YES;
				IPHONEOS_DEPLOYMENT_TARGET = 8.4;
				MTL_ENABLE_DEBUG_INFO = YES;
				ONLY_ACTIVE_ARCH = YES;
				SDKROOT = iphoneos;
			};
			name = Debug;
		};
		49C13F431BDA1485002DF165 /* Release */ = {
			isa = XCBuildConfiguration;
			buildSettings = {
				ALWAYS_SEARCH_USER_PATHS = NO;
				CLANG_CXX_LANGUAGE_STANDARD = "gnu++0x";
				CLANG_CXX_LIBRARY = "libc++";
				CLANG_ENABLE_MODULES = YES;
				CLANG_ENABLE_OBJC_ARC = YES;
				CLANG_WARN_BOOL_CONVERSION = YES;
				CLANG_WARN_CONSTANT_CONVERSION = YES;
				CLANG_WARN_DIRECT_OBJC_ISA_USAGE = YES_ERROR;
				CLANG_WARN_EMPTY_BODY = YES;
				CLANG_WARN_ENUM_CONVERSION = YES;
				CLANG_WARN_INT_CONVERSION = YES;
				CLANG_WARN_OBJC_ROOT_CLASS = YES_ERROR;
				CLANG_WARN_UNREACHABLE_CODE = YES;
				CLANG_WARN__DUPLICATE_METHOD_MATCH = YES;
				COPY_PHASE_STRIP = NO;
				DEBUG_INFORMATION_FORMAT = "dwarf-with-dsym";
				ENABLE_NS_ASSERTIONS = NO;
				ENABLE_STRICT_OBJC_MSGSEND = YES;
				GCC_C_LANGUAGE_STANDARD = gnu99;
				GCC_NO_COMMON_BLOCKS = YES;
				GCC_WARN_64_TO_32_BIT_CONVERSION = YES;
				GCC_WARN_ABOUT_RETURN_TYPE = YES_ERROR;
				GCC_WARN_UNDECLARED_SELECTOR = YES;
				GCC_WARN_UNINITIALIZED_AUTOS = YES_AGGRESSIVE;
				GCC_WARN_UNUSED_FUNCTION = YES;
				GCC_WARN_UNUSED_VARIABLE = YES;
				IPHONEOS_DEPLOYMENT_TARGET = 8.4;
				MTL_ENABLE_DEBUG_INFO = NO;
				SDKROOT = iphoneos;
				VALIDATE_PRODUCT = YES;
			};
			name = Release;
		};
		49C13F451BDA1485002DF165 /* Debug */ = {
			isa = XCBuildConfiguration;
			buildSettings = {
				OTHER_LDFLAGS = "-ObjC";
				PRODUCT_NAME = "$(TARGET_NAME)";
				SKIP_INSTALL = YES;
			};
			name = Debug;
		};
		49C13F461BDA1485002DF165 /* Release */ = {
			isa = XCBuildConfiguration;
			buildSettings = {
				OTHER_LDFLAGS = "-ObjC";
				PRODUCT_NAME = "$(TARGET_NAME)";
				SKIP_INSTALL = YES;
			};
			name = Release;
		};
		49C13F481BDA1485002DF165 /* Debug */ = {
			isa = XCBuildConfiguration;
			buildSettings = {
				"CODE_SIGN_IDENTITY[sdk=iphoneos*]" = "iPhone Developer";
				FRAMEWORK_SEARCH_PATHS = (
					"$(SDKROOT)/Developer/Library/Frameworks",
					"$(inherited)",
				);
				GCC_PREPROCESSOR_DEFINITIONS = (
					"DEBUG=1",
					"$(inherited)",
				);
				INFOPLIST_FILE = DemoLibraryTests/Info.plist;
				LD_RUNPATH_SEARCH_PATHS = "$(inherited) @executable_path/Frameworks @loader_path/Frameworks";
				PRODUCT_NAME = "$(TARGET_NAME)";
			};
			name = Debug;
		};
		49C13F491BDA1485002DF165 /* Release */ = {
			isa = XCBuildConfiguration;
			buildSettings = {
				"CODE_SIGN_IDENTITY[sdk=iphoneos*]" = "iPhone Developer";
				FRAMEWORK_SEARCH_PATHS = (
					"$(SDKROOT)/Developer/Library/Frameworks",
					"$(inherited)",
				);
				INFOPLIST_FILE = DemoLibraryTests/Info.plist;
				LD_RUNPATH_SEARCH_PATHS = "$(inherited) @executable_path/Frameworks @loader_path/Frameworks";
				PRODUCT_NAME = "$(TARGET_NAME)";
			};
			name = Release;
		};
		49C13F4E1BDA1514002DF165 /* Debug */ = {
			isa = XCBuildConfiguration;
			buildSettings = {
				PRODUCT_NAME = "$(TARGET_NAME)";
			};
			name = Debug;
		};
		49C13F4F1BDA1514002DF165 /* Release */ = {
			isa = XCBuildConfiguration;
			buildSettings = {
				PRODUCT_NAME = "$(TARGET_NAME)";
			};
			name = Release;
		};
/* End XCBuildConfiguration section */

/* Begin XCConfigurationList section */
		49C13F2B1BDA1485002DF165 /* Build configuration list for PBXProject "DemoLibrary" */ = {
			isa = XCConfigurationList;
			buildConfigurations = (
				49C13F421BDA1485002DF165 /* Debug */,
				49C13F431BDA1485002DF165 /* Release */,
			);
			defaultConfigurationIsVisible = 0;
			defaultConfigurationName = Release;
		};
		49C13F441BDA1485002DF165 /* Build configuration list for PBXNativeTarget "DemoLibrary" */ = {
			isa = XCConfigurationList;
			buildConfigurations = (
				49C13F451BDA1485002DF165 /* Debug */,
				49C13F461BDA1485002DF165 /* Release */,
			);
			defaultConfigurationIsVisible = 0;
			defaultConfigurationName = Release;
		};
		49C13F471BDA1485002DF165 /* Build configuration list for PBXNativeTarget "DemoLibraryTests" */ = {
			isa = XCConfigurationList;
			buildConfigurations = (
				49C13F481BDA1485002DF165 /* Debug */,
				49C13F491BDA1485002DF165 /* Release */,
			);
			defaultConfigurationIsVisible = 0;
			defaultConfigurationName = Release;
		};
		49C13F4D1BDA1514002DF165 /* Build configuration list for PBXAggregateTarget "libDemoLibrary" */ = {
			isa = XCConfigurationList;
			buildConfigurations = (
				49C13F4E1BDA1514002DF165 /* Debug */,
				49C13F4F1BDA1514002DF165 /* Release */,
			);
			defaultConfigurationIsVisible = 0;
			defaultConfigurationName = Release;
		};
/* End XCConfigurationList section */
	};
	rootObject = 49C13F281BDA1485002DF165 /* Project object */;
}
